
Microsoft Visual Studio Solution File, Format Version 12.00
# Visual Studio Version 16
VisualStudioVersion = 16.0.31205.134
MinimumVisualStudioVersion = 10.0.40219.1
Project("{FAE04EC0-301F-11D3-BF4B-00C04F79EFBC}") = "EqualStacks", "EqualStacks\EqualStacks.csproj", "{BED86EF6-4B3E-4C8A-AD32-0E64CDC9EFAB}"
EndProject
Project("{FAE04EC0-301F-11D3-BF4B-00C04F79EFBC}") = "TheMaximumSubarray", "TheMaximumSubarray\TheMaximumSubarray.csproj", "{623349D7-7132-4C58-97B3-F10B3D461AD9}"
EndProject
Project("{FAE04EC0-301F-11D3-BF4B-00C04F79EFBC}") = "NotesStore", "NotesStore\NotesStore.csproj", "{4070426C-8BC5-46F6-871D-CA5A1D4BD7A7}"
EndProject
Project("{FAE04EC0-301F-11D3-BF4B-00C04F79EFBC}") = "EmployeesManagement", "EmployeesManagement\EmployeesManagement.csproj", "{96562E07-3D3C-4249-B556-C61115471128}"
EndProject
Global
	GlobalSection(SolutionConfigurationPlatforms) = preSolution
		Debug|Any CPU = Debug|Any CPU
		Release|Any CPU = Release|Any CPU
	EndGlobalSection
	GlobalSection(ProjectConfigurationPlatforms) = postSolution
		{BED86EF6-4B3E-4C8A-AD32-0E64CDC9EFAB}.Debug|Any CPU.ActiveCfg = Debug|Any CPU
		{BED86EF6-4B3E-4C8A-AD32-0E64CDC9EFAB}.Debug|Any CPU.Build.0 = Debug|Any CPU
		{BED86EF6-4B3E-4C8A-AD32-0E64CDC9EFAB}.Release|Any CPU.ActiveCfg = Release|Any CPU
		{BED86EF6-4B3E-4C8A-AD32-0E64CDC9EFAB}.Release|Any CPU.Build.0 = Release|Any CPU
		{623349D7-7132-4C58-97B3-F10B3D461AD9}.Debug|Any CPU.ActiveCfg = Debug|Any CPU
		{623349D7-7132-4C58-97B3-F10B3D461AD9}.Debug|Any CPU.Build.0 = Debug|Any CPU
		{623349D7-7132-4C58-97B3-F10B3D461AD9}.Release|Any CPU.ActiveCfg = Release|Any CPU
		{623349D7-7132-4C58-97B3-F10B3D461AD9}.Release|Any CPU.Build.0 = Release|Any CPU
		{4070426C-8BC5-46F6-871D-CA5A1D4BD7A7}.Debug|Any CPU.ActiveCfg = Debug|Any CPU
		{4070426C-8BC5-46F6-871D-CA5A1D4BD7A7}.Debug|Any CPU.Build.0 = Debug|Any CPU
		{4070426C-8BC5-46F6-871D-CA5A1D4BD7A7}.Release|Any CPU.ActiveCfg = Release|Any CPU
		{4070426C-8BC5-46F6-871D-CA5A1D4BD7A7}.Release|Any CPU.Build.0 = Release|Any CPU
		{96562E07-3D3C-4249-B556-C61115471128}.Debug|Any CPU.ActiveCfg = Debug|Any CPU
		{96562E07-3D3C-4249-B556-C61115471128}.Debug|Any CPU.Build.0 = Debug|Any CPU
		{96562E07-3D3C-4249-B556-C61115471128}.Release|Any CPU.ActiveCfg = Release|Any CPU
		{96562E07-3D3C-4249-B556-C61115471128}.Release|Any CPU.Build.0 = Release|Any CPU
	EndGlobalSection
	GlobalSection(SolutionProperties) = preSolution
		HideSolutionNode = FALSE
	EndGlobalSection
	GlobalSection(ExtensibilityGlobals) = postSolution
		SolutionGuid = {A1D31610-1B03-4D40-B2C1-8F6ACB78662B}
	EndGlobalSection
EndGlobal
